filippo.io/edwards25519 v1.1.1 h1:YpjwWWlNmGIDyXOn8zLzqiD+9TyIlPhGFG96P39uBpw=
filippo.io/edwards25519 v1.1.1/go.mod h1:BxyFTGdWcka3PhytdK4V28tE5sGfRvvvRV7EaN4VDT4=
github.com/davecgh/go-spew v1.1.1 h1:vj9j/u1bqnvCEfJOwUhtlOARqs3+rkHYY13jYWTU97c=
github.com/davecgh/go-spew v1.1.1/go.mod h1:J7Y8YcW2NihsgmVo/mv3lAwl/skON4iLHjSsI+c5H38=
github.com/go-sql-driver/mysql v1.9.0 h1:Y0zIbQXhQKmQgTp44Y1dp3wTXcn804QoTptLZT1vtvo=
github.com/go-sql-driver/mysql v1.9.0/go.mod h1:pDetrLJeA3oMujJuvXc8RJoasr589B6A9fwzD3QMrqw=
github.com/lib/pq v1.10.9 h1:YXG7RB+JIjhP29X+OtkiDnYaXQwpS4JEWq7dtCCRUEw=
github.com/lib/pq v1.10.9/go.mod h1:AlVN5x4E4T544tWzH6hKfbfQvm3HdbOxrmggDNAPY9o=
github.com/mattn/go-sqlite3 v1.14.16 h1:yOQRA0RpS5PFz/oikGwBEqvAWhWg5ufRz4ETLjwpU1Y=
github.com/mattn/go-sqlite3 v1.14.16/go.mod h1:2eHXhiwb8IkHr+BDWZGa96P6+rkvnG63S2DGjv9HUNg=
github.com/muir/list v1.2.1 h1:lmF8fz2B1WbXkzHr/Eh0oWPJArDBzWqIifOwbA4gWSo=
github.com/muir/list v1.2.1/go.mod h1:v0l2f997MxCohQlD7PTejJqyYKwFVz/i3mTpDl4LAf0=
github.com/muir/sqltoken v0.3.0 h1:3xbcqr80f3IA4OlwkOpdIHC4DTu6gsi1TwMqgYL4Dpg=
github.com/muir/sqltoken v0.3.0/go.mod h1:+OSmbGI22QcVZ6DCzlHT8EAzEq/mqtqedtPP91Le+3A=
github.com/pmezard/go-difflib v1.0.0 h1:4DBwDE0NGyQoBHbLQYPwSUPoCMWR5BEzIk/f1lZbAQM=
github.com/pmezard/go-difflib v1.0.0/go.mod h1:iKH77koFhYxTK1pcRnkKkqfTogsbg7gZNVY4sRDYZ/4=
github.com/stretchr/testify v1.11.1 h1:7s2iGBzp5EwR7/aIZr8ao5+dra3wiQyKjjFuvgVKu7U=
github.com/stretchr/testify v1.11.1/go.mod h1:wZwfW3scLgRK+23gO65QZefKpKQRnfz6sD981Nm4B6U=
github.com/vinovest/sqlx v1.7.2 h1:t/IahCJqO71GJYnhOcACiUXlMiiMomMHtxtUthdcBfo=
github.com/vinovest/sqlx v1.7.2/go.mod h1:o49uG4W/ZYZompljKx5GZ7qx6OFklPjSHXP63nSmND8=
github.com/wrapped-owls/testereiro/puppetest v0.5.2 h1:sOj0J6VDqrKm2DFAQwYSnonAxJ07uHy1No8e5KRZng8=
github.com/wrapped-owls/testereiro/puppetest v0.5.2/go.mod h1:P9TfWb3p0XkEb/zWq7/j0fGTI6eoTkfFMGgLMRFCMzk=
gopkg.in/yaml.v3 v3.0.1 h1:fxVm/GzAzEWqLHuvctI91KS9hhNmmWOoWu0XTYJS7CA=
gopkg.in/yaml.v3 v3.0.1/go.mod h1:K4uyk7z7BCEPqu6E+C64Yfv1cQ7kz7rIZviUmN+EgEM=
